# THIS IS AN AUTOGENERATED FILE. DO NOT EDIT THIS FILE DIRECTLY.
# yarn lockfile v1


swiper@^11.1.15:
  version "11.1.15"
  resolved "https://registry.yarnpkg.com/swiper/-/swiper-11.1.15.tgz#e2258c8d38282e2f115ca463d6e8c5b84cdcf1ca"
  integrity sha512-IzWeU34WwC7gbhjKsjkImTuCRf+lRbO6cnxMGs88iVNKDwV+xQpBCJxZ4bNH6gSrIbbyVJ1kuGzo3JTtz//CBw==
